
Microsoft Visual Studio Solution File, Format Version 12.00
# Visual Studio Version 17
VisualStudioVersion = 17.12.35527.113
MinimumVisualStudioVersion = 10.0.40219.1
Project("{FAE04EC0-301F-11D3-BF4B-00C04F79EFBC}") = "buoi5", "buoi5.csproj", "{E2ABB15C-D29F-4DDC-A9E8-5638FFCAF6B4}"
EndProject
Project("{FAE04EC0-301F-11D3-BF4B-00C04F79EFBC}") = "buoi_6", "..\buoi_6\buoi_6.csproj", "{38AA9D50-3040-4D90-90ED-C9F7AF4D04B7}"
EndProject
Project("{FAE04EC0-301F-11D3-BF4B-00C04F79EFBC}") = "danglamthenhan", "..\danglamthenhan\danglamthenhan.csproj", "{D5DFF0C2-82DE-4BDF-B043-82264B20C621}"
EndProject
Global
	GlobalSection(SolutionConfigurationPlatforms) = preSolution
		Debug|Any CPU = Debug|Any CPU
		Release|Any CPU = Release|Any CPU
	EndGlobalSection
	GlobalSection(ProjectConfigurationPlatforms) = postSolution
		{E2ABB15C-D29F-4DDC-A9E8-5638FFCAF6B4}.Debug|Any CPU.ActiveCfg = Debug|Any CPU
		{E2ABB15C-D29F-4DDC-A9E8-5638FFCAF6B4}.Debug|Any CPU.Build.0 = Debug|Any CPU
		{E2ABB15C-D29F-4DDC-A9E8-5638FFCAF6B4}.Release|Any CPU.ActiveCfg = Release|Any CPU
		{E2ABB15C-D29F-4DDC-A9E8-5638FFCAF6B4}.Release|Any CPU.Build.0 = Release|Any CPU
		{38AA9D50-3040-4D90-90ED-C9F7AF4D04B7}.Debug|Any CPU.ActiveCfg = Debug|Any CPU
		{38AA9D50-3040-4D90-90ED-C9F7AF4D04B7}.Debug|Any CPU.Build.0 = Debug|Any CPU
		{38AA9D50-3040-4D90-90ED-C9F7AF4D04B7}.Release|Any CPU.ActiveCfg = Release|Any CPU
		{38AA9D50-3040-4D90-90ED-C9F7AF4D04B7}.Release|Any CPU.Build.0 = Release|Any CPU
		{D5DFF0C2-82DE-4BDF-B043-82264B20C621}.Debug|Any CPU.ActiveCfg = Debug|Any CPU
		{D5DFF0C2-82DE-4BDF-B043-82264B20C621}.Debug|Any CPU.Build.0 = Debug|Any CPU
		{D5DFF0C2-82DE-4BDF-B043-82264B20C621}.Release|Any CPU.ActiveCfg = Release|Any CPU
		{D5DFF0C2-82DE-4BDF-B043-82264B20C621}.Release|Any CPU.Build.0 = Release|Any CPU
	EndGlobalSection
	GlobalSection(SolutionProperties) = preSolution
		HideSolutionNode = FALSE
	EndGlobalSection
EndGlobal
